// !$*UTF8*$!
{
	archiveVersion = 1;
	classes = {
	};
	objectVersion = 50;
	objects = {

/* Begin PBXBuildFile section */
		2F4DC2BCC380ACF356CCAA8D /* libPods-Mysocial.a in Frameworks */ = {isa = PBXBuildFile; fileRef = 370BDA8F561178F84B9E3A7B /* libPods-Mysocial.a */; };
		E40EF1CE23CC6B2800CD97F1 /* FJModel.m in Sources */ = {isa = PBXBuildFile; fileRef = E40EF1CD23CC6B2800CD97F1 /* FJModel.m */; };
		E44265E223C9CDBD00A3DAB2 /* RequestData.m in Sources */ = {isa = PBXBuildFile; fileRef = E44265E123C9CDBD00A3DAB2 /* RequestData.m */; };
		E458A41B23C6D9A700CCB5DD /* AppDelegate.m in Sources */ = {isa = PBXBuildFile; fileRef = E458A41A23C6D9A700CCB5DD /* AppDelegate.m */; };
		E458A42123C6D9A700CCB5DD /* Main.storyboard in Resources */ = {isa = PBXBuildFile; fileRef = E458A41F23C6D9A700CCB5DD /* Main.storyboard */; };
		E458A42323C6D9A700CCB5DD /* Assets.xcassets in Resources */ = {isa = PBXBuildFile; fileRef = E458A42223C6D9A700CCB5DD /* Assets.xcassets */; };
		E458A42623C6D9A700CCB5DD /* LaunchScreen.storyboard in Resources */ = {isa = PBXBuildFile; fileRef = E458A42423C6D9A700CCB5DD /* LaunchScreen.storyboard */; };
		E458A42923C6D9A700CCB5DD /* main.m in Sources */ = {isa = PBXBuildFile; fileRef = E458A42823C6D9A700CCB5DD /* main.m */; };
		E458A43323C6D9A700CCB5DD /* MysocialTests.m in Sources */ = {isa = PBXBuildFile; fileRef = E458A43223C6D9A700CCB5DD /* MysocialTests.m */; };
		E458A43E23C6D9A700CCB5DD /* MysocialUITests.m in Sources */ = {isa = PBXBuildFile; fileRef = E458A43D23C6D9A700CCB5DD /* MysocialUITests.m */; };
		E48C5AC823C6FE60007BDA8E /* FJPersonalPageViewController.m in Sources */ = {isa = PBXBuildFile; fileRef = E48C5AC723C6FE60007BDA8E /* FJPersonalPageViewController.m */; };
		E48C5AD023C709B4007BDA8E /* 个人中心.png in Resources */ = {isa = PBXBuildFile; fileRef = E48C5ACF23C709B4007BDA8E /* 个人中心.png */; };
		E48C5AD323C70ADB007BDA8E /* FJContactPageViewController.m in Sources */ = {isa = PBXBuildFile; fileRef = E48C5AD223C70ADB007BDA8E /* FJContactPageViewController.m */; };
		E48C5AD523C70B6E007BDA8E /* 联系人.png in Resources */ = {isa = PBXBuildFile; fileRef = E48C5AD423C70B6E007BDA8E /* 联系人.png */; };
		E48C5AD723C70BFE007BDA8E /* 消息.png in Resources */ = {isa = PBXBuildFile; fileRef = E48C5AD623C70BFE007BDA8E /* 消息.png */; };
		E48C5ADA23C70C28007BDA8E /* FJMessagePageViewController.m in Sources */ = {isa = PBXBuildFile; fileRef = E48C5AD923C70C28007BDA8E /* FJMessagePageViewController.m */; };
		E48C5ADD23C70F23007BDA8E /* FJSocialTabbarController.m in Sources */ = {isa = PBXBuildFile; fileRef = E48C5ADC23C70F23007BDA8E /* FJSocialTabbarController.m */; };
		E4FC830723C82DE200A8E4DB /* FJActivityPageViewController.m in Sources */ = {isa = PBXBuildFile; fileRef = E4FC830623C82DE200A8E4DB /* FJActivityPageViewController.m */; };
		E4FC830923C82F2500A8E4DB /* 活动.png in Resources */ = {isa = PBXBuildFile; fileRef = E4FC830823C82F2500A8E4DB /* 活动.png */; };
/* End PBXBuildFile section */

/* Begin PBXContainerItemProxy section */
		E458A42F23C6D9A700CCB5DD /* PBXContainerItemProxy */ = {
			isa = PBXContainerItemProxy;
			containerPortal = E458A40E23C6D9A700CCB5DD /* Project object */;
			proxyType = 1;
			remoteGlobalIDString = E458A41523C6D9A700CCB5DD;
			remoteInfo = Mysocial;
		};
		E458A43A23C6D9A700CCB5DD /* PBXContainerItemProxy */ = {
			isa = PBXContainerItemProxy;
			containerPortal = E458A40E23C6D9A700CCB5DD /* Project object */;
			proxyType = 1;
			remoteGlobalIDString = E458A41523C6D9A700CCB5DD;
			remoteInfo = Mysocial;
		};
/* End PBXContainerItemProxy section */

/* Begin PBXFileReference section */
		163A614408AEA57927190CBF /* Pods-Mysocial.debug.xcconfig */ = {isa = PBXFileReference; includeInIndex = 1; lastKnownFileType = text.xcconfig; name = "Pods-Mysocial.debug.xcconfig"; path = "Target Support Files/Pods-Mysocial/Pods-Mysocial.debug.xcconfig"; sourceTree = "<group>"; };
		370BDA8F561178F84B9E3A7B /* libPods-Mysocial.a */ = {isa = PBXFileReference; explicitFileType = archive.ar; includeInIndex = 0; path = "libPods-Mysocial.a"; sourceTree = BUILT_PRODUCTS_DIR; };
		8535D3931DB09B35E96ADF14 /* Pods-Mysocial.release.xcconfig */ = {isa = PBXFileReference; includeInIndex = 1; lastKnownFileType = text.xcconfig; name = "Pods-Mysocial.release.xcconfig"; path = "Target Support Files/Pods-Mysocial/Pods-Mysocial.release.xcconfig"; sourceTree = "<group>"; };
		E40EF1CC23CC6B2800CD97F1 /* FJModel.h */ = {isa = PBXFileReference; lastKnownFileType = sourcecode.c.h; path = FJModel.h; sourceTree = "<group>"; };
		E40EF1CD23CC6B2800CD97F1 /* FJModel.m */ = {isa = PBXFileReference; lastKnownFileType = sourcecode.c.objc; path = FJModel.m; sourceTree = "<group>"; };
		E44265E023C9CDBD00A3DAB2 /* RequestData.h */ = {isa = PBXFileReference; lastKnownFileType = sourcecode.c.h; path = RequestData.h; sourceTree = "<group>"; };
		E44265E123C9CDBD00A3DAB2 /* RequestData.m */ = {isa = PBXFileReference; lastKnownFileType = sourcecode.c.objc; path = RequestData.m; sourceTree = "<group>"; };
		E458A41623C6D9A700CCB5DD /* Mysocial.app */ = {isa = PBXFileReference; explicitFileType = wrapper.application; includeInIndex = 0; path = Mysocial.app; sourceTree = BUILT_PRODUCTS_DIR; };
		E458A41923C6D9A700CCB5DD /* AppDelegate.h */ = {isa = PBXFileReference; lastKnownFileType = sourcecode.c.h; path = AppDelegate.h; sourceTree = "<group>"; };
		E458A41A23C6D9A700CCB5DD /* AppDelegate.m */ = {isa = PBXFileReference; lastKnownFileType = sourcecode.c.objc; path = AppDelegate.m; sourceTree = "<group>"; };
		E458A42023C6D9A700CCB5DD /* Base */ = {isa = PBXFileReference; lastKnownFileType = file.storyboard; name = Base; path = Base.lproj/Main.storyboard; sourceTree = "<group>"; };
		E458A42223C6D9A700CCB5DD /* Assets.xcassets */ = {isa = PBXFileReference; lastKnownFileType = folder.assetcatalog; path = Assets.xcassets; sourceTree = "<group>"; };
		E458A42523C6D9A700CCB5DD /* Base */ = {isa = PBXFileReference; lastKnownFileType = file.storyboard; name = Base; path = Base.lproj/LaunchScreen.storyboard; sourceTree = "<group>"; };
		E458A42723C6D9A700CCB5DD /* Info.plist */ = {isa = PBXFileReference; lastKnownFileType = text.plist.xml; path = Info.plist; sourceTree = "<group>"; };
		E458A42823C6D9A700CCB5DD /* main.m */ = {isa = PBXFileReference; lastKnownFileType = sourcecode.c.objc; path = main.m; sourceTree = "<group>"; };
		E458A42E23C6D9A700CCB5DD /* MysocialTests.xctest */ = {isa = PBXFileReference; explicitFileType = wrapper.cfbundle; includeInIndex = 0; path = MysocialTests.xctest; sourceTree = BUILT_PRODUCTS_DIR; };
		E458A43223C6D9A700CCB5DD /* MysocialTests.m */ = {isa = PBXFileReference; lastKnownFileType = sourcecode.c.objc; path = MysocialTests.m; sourceTree = "<group>"; };
		E458A43423C6D9A700CCB5DD /* Info.plist */ = {isa = PBXFileReference; lastKnownFileType = text.plist.xml; path = Info.plist; sourceTree = "<group>"; };
		E458A43923C6D9A700CCB5DD /* MysocialUITests.xctest */ = {isa = PBXFileReference; explicitFileType = wrapper.cfbundle; includeInIndex = 0; path = MysocialUITests.xctest; sourceTree = BUILT_PRODUCTS_DIR; };
		E458A43D23C6D9A700CCB5DD /* MysocialUITests.m */ = {isa = PBXFileReference; lastKnownFileType = sourcecode.c.objc; path = MysocialUITests.m; sourceTree = "<group>"; };
		E458A43F23C6D9A700CCB5DD /* Info.plist */ = {isa = PBXFileReference; lastKnownFileType = text.plist.xml; path = Info.plist; sourceTree = "<group>"; };
		E48C5AC623C6FE60007BDA8E /* FJPersonalPageViewController.h */ = {isa = PBXFileReference; lastKnownFileType = sourcecode.c.h; path = FJPersonalPageViewController.h; sourceTree = "<group>"; };
		E48C5AC723C6FE60007BDA8E /* FJPersonalPageViewController.m */ = {isa = PBXFileReference; lastKnownFileType = sourcecode.c.objc; path = FJPersonalPageViewController.m; sourceTree = "<group>"; };
		E48C5ACF23C709B4007BDA8E /* 个人中心.png */ = {isa = PBXFileReference; lastKnownFileType = image.png; path = "个人中心.png"; sourceTree = "<group>"; };
		E48C5AD123C70ADB007BDA8E /* FJContactPageViewController.h */ = {isa = PBXFileReference; lastKnownFileType = sourcecode.c.h; path = FJContactPageViewController.h; sourceTree = "<group>"; };
		E48C5AD223C70ADB007BDA8E /* FJContactPageViewController.m */ = {isa = PBXFileReference; lastKnownFileType = sourcecode.c.objc; path = FJContactPageViewController.m; sourceTree = "<group>"; };
		E48C5AD423C70B6E007BDA8E /* 联系人.png */ = {isa = PBXFileReference; lastKnownFileType = image.png; path = "联系人.png"; sourceTree = "<group>"; };
		E48C5AD623C70BFE007BDA8E /* 消息.png */ = {isa = PBXFileReference; lastKnownFileType = image.png; path = "消息.png"; sourceTree = "<group>"; };
		E48C5AD823C70C28007BDA8E /* FJMessagePageViewController.h */ = {isa = PBXFileReference; lastKnownFileType = sourcecode.c.h; path = FJMessagePageViewController.h; sourceTree = "<group>"; };
		E48C5AD923C70C28007BDA8E /* FJMessagePageViewController.m */ = {isa = PBXFileReference; lastKnownFileType = sourcecode.c.objc; path = FJMessagePageViewController.m; sourceTree = "<group>"; };
		E48C5ADB23C70F23007BDA8E /* FJSocialTabbarController.h */ = {isa = PBXFileReference; lastKnownFileType = sourcecode.c.h; path = FJSocialTabbarController.h; sourceTree = "<group>"; };
		E48C5ADC23C70F23007BDA8E /* FJSocialTabbarController.m */ = {isa = PBXFileReference; lastKnownFileType = sourcecode.c.objc; path = FJSocialTabbarController.m; sourceTree = "<group>"; };
		E4FC830523C82DE200A8E4DB /* FJActivityPageViewController.h */ = {isa = PBXFileReference; lastKnownFileType = sourcecode.c.h; path = FJActivityPageViewController.h; sourceTree = "<group>"; };
		E4FC830623C82DE200A8E4DB /* FJActivityPageViewController.m */ = {isa = PBXFileReference; lastKnownFileType = sourcecode.c.objc; path = FJActivityPageViewController.m; sourceTree = "<group>"; };
		E4FC830823C82F2500A8E4DB /* 活动.png */ = {isa = PBXFileReference; lastKnownFileType = image.png; path = "活动.png"; sourceTree = "<group>"; };
/* End PBXFileReference section */

/* Begin PBXFrameworksBuildPhase section */
		E458A41323C6D9A700CCB5DD /* Frameworks */ = {
			isa = PBXFrameworksBuildPhase;
			buildActionMask = 2147483647;
			files = (
				2F4DC2BCC380ACF356CCAA8D /* libPods-Mysocial.a in Frameworks */,
			);
			runOnlyForDeploymentPostprocessing = 0;
		};
		E458A42B23C6D9A700CCB5DD /* Frameworks */ = {
			isa = PBXFrameworksBuildPhase;
			buildActionMask = 2147483647;
			files = (
			);
			runOnlyForDeploymentPostprocessing = 0;
		};
		E458A43623C6D9A700CCB5DD /* Frameworks */ = {
			isa = PBXFrameworksBuildPhase;
			buildActionMask = 2147483647;
			files = (
			);
			runOnlyForDeploymentPostprocessing = 0;
		};
/* End PBXFrameworksBuildPhase section */

/* Begin PBXGroup section */
		99F009D376AEDCF64C613C2D /* Frameworks */ = {
			isa = PBXGroup;
			children = (
				370BDA8F561178F84B9E3A7B /* libPods-Mysocial.a */,
			);
			name = Frameworks;
			sourceTree = "<group>";
		};
		C22B769EFD8394BFC5C0BD3A /* Pods */ = {
			isa = PBXGroup;
			children = (
				163A614408AEA57927190CBF /* Pods-Mysocial.debug.xcconfig */,
				8535D3931DB09B35E96ADF14 /* Pods-Mysocial.release.xcconfig */,
			);
			path = Pods;
			sourceTree = "<group>";
		};
		E40EF1CB23CC6B0C00CD97F1 /* Model */ = {
			isa = PBXGroup;
			children = (
				E40EF1CC23CC6B2800CD97F1 /* FJModel.h */,
				E40EF1CD23CC6B2800CD97F1 /* FJModel.m */,
			);
			path = Model;
			sourceTree = "<group>";
		};
		E44265DF23C9CD0700A3DAB2 /* 请求数据 */ = {
			isa = PBXGroup;
			children = (
				E44265E023C9CDBD00A3DAB2 /* RequestData.h */,
				E44265E123C9CDBD00A3DAB2 /* RequestData.m */,
			);
			path = "请求数据";
			sourceTree = "<group>";
		};
		E458A40D23C6D9A700CCB5DD = {
			isa = PBXGroup;
			children = (
				E458A41823C6D9A700CCB5DD /* Mysocial */,
				E458A43123C6D9A700CCB5DD /* MysocialTests */,
				E458A43C23C6D9A700CCB5DD /* MysocialUITests */,
				E458A41723C6D9A700CCB5DD /* Products */,
				C22B769EFD8394BFC5C0BD3A /* Pods */,
				99F009D376AEDCF64C613C2D /* Frameworks */,
			);
			sourceTree = "<group>";
		};
		E458A41723C6D9A700CCB5DD /* Products */ = {
			isa = PBXGroup;
			children = (
				E458A41623C6D9A700CCB5DD /* Mysocial.app */,
				E458A42E23C6D9A700CCB5DD /* MysocialTests.xctest */,
				E458A43923C6D9A700CCB5DD /* MysocialUITests.xctest */,
			);
			name = Products;
			sourceTree = "<group>";
		};
		E458A41823C6D9A700CCB5DD /* Mysocial */ = {
			isa = PBXGroup;
			children = (
				E458A41923C6D9A700CCB5DD /* AppDelegate.h */,
				E458A41A23C6D9A700CCB5DD /* AppDelegate.m */,
				E40EF1CB23CC6B0C00CD97F1 /* Model */,
				E44265DF23C9CD0700A3DAB2 /* 请求数据 */,
				E48C5ACA23C70410007BDA8E /* 图片 */,
				E48C5AC923C6FE8E007BDA8E /* Controller */,
				E458A41F23C6D9A700CCB5DD /* Main.storyboard */,
				E458A42223C6D9A700CCB5DD /* Assets.xcassets */,
				E458A42423C6D9A700CCB5DD /* LaunchScreen.storyboard */,
				E458A42723C6D9A700CCB5DD /* Info.plist */,
				E458A42823C6D9A700CCB5DD /* main.m */,
			);
			path = Mysocial;
			sourceTree = "<group>";
		};
		E458A43123C6D9A700CCB5DD /* MysocialTests */ = {
			isa = PBXGroup;
			children = (
				E458A43223C6D9A700CCB5DD /* MysocialTests.m */,
				E458A43423C6D9A700CCB5DD /* Info.plist */,
			);
			path = MysocialTests;
			sourceTree = "<group>";
		};
		E458A43C23C6D9A700CCB5DD /* MysocialUITests */ = {
			isa = PBXGroup;
			children = (
				E458A43D23C6D9A700CCB5DD /* MysocialUITests.m */,
				E458A43F23C6D9A700CCB5DD /* Info.plist */,
			);
			path = MysocialUITests;
			sourceTree = "<group>";
		};
		E48C5AC923C6FE8E007BDA8E /* Controller */ = {
			isa = PBXGroup;
			children = (
				E48C5ADB23C70F23007BDA8E /* FJSocialTabbarController.h */,
				E48C5ADC23C70F23007BDA8E /* FJSocialTabbarController.m */,
				E48C5AC623C6FE60007BDA8E /* FJPersonalPageViewController.h */,
				E48C5AC723C6FE60007BDA8E /* FJPersonalPageViewController.m */,
				E48C5AD123C70ADB007BDA8E /* FJContactPageViewController.h */,
				E48C5AD223C70ADB007BDA8E /* FJContactPageViewController.m */,
				E48C5AD823C70C28007BDA8E /* FJMessagePageViewController.h */,
				E48C5AD923C70C28007BDA8E /* FJMessagePageViewController.m */,
				E4FC830523C82DE200A8E4DB /* FJActivityPageViewController.h */,
				E4FC830623C82DE200A8E4DB /* FJActivityPageViewController.m */,
			);
			path = Controller;
			sourceTree = "<group>";
		};
		E48C5ACA23C70410007BDA8E /* 图片 */ = {
			isa = PBXGroup;
			children = (
				E48C5ACF23C709B4007BDA8E /* 个人中心.png */,
				E48C5AD423C70B6E007BDA8E /* 联系人.png */,
				E48C5AD623C70BFE007BDA8E /* 消息.png */,
				E4FC830823C82F2500A8E4DB /* 活动.png */,
			);
			path = "图片";
			sourceTree = "<group>";
		};
/* End PBXGroup section */

/* Begin PBXNativeTarget section */
		E458A41523C6D9A700CCB5DD /* Mysocial */ = {
			isa = PBXNativeTarget;
			buildConfigurationList = E458A44223C6D9A700CCB5DD /* Build configuration list for PBXNativeTarget "Mysocial" */;
			buildPhases = (
				8E1FA5E2982B666594DCDC03 /* [CP] Check Pods Manifest.lock */,
				E458A41223C6D9A700CCB5DD /* Sources */,
				E458A41323C6D9A700CCB5DD /* Frameworks */,
				E458A41423C6D9A700CCB5DD /* Resources */,
			);
			buildRules = (
			);
			dependencies = (
			);
			name = Mysocial;
			productName = Mysocial;
			productReference = E458A41623C6D9A700CCB5DD /* Mysocial.app */;
			productType = "com.apple.product-type.application";
		};
		E458A42D23C6D9A700CCB5DD /* MysocialTests */ = {
			isa = PBXNativeTarget;
			buildConfigurationList = E458A44523C6D9A700CCB5DD /* Build configuration list for PBXNativeTarget "MysocialTests" */;
			buildPhases = (
				E458A42A23C6D9A700CCB5DD /* Sources */,
				E458A42B23C6D9A700CCB5DD /* Frameworks */,
				E458A42C23C6D9A700CCB5DD /* Resources */,
			);
			buildRules = (
			);
			dependencies = (
				E458A43023C6D9A700CCB5DD /* PBXTargetDependency */,
			);
			name = MysocialTests;
			productName = MysocialTests;
			productReference = E458A42E23C6D9A700CCB5DD /* MysocialTests.xctest */;
			productType = "com.apple.product-type.bundle.unit-test";
		};
		E458A43823C6D9A700CCB5DD /* MysocialUITests */ = {
			isa = PBXNativeTarget;
			buildConfigurationList = E458A44823C6D9A700CCB5DD /* Build configuration list for PBXNativeTarget "MysocialUITests" */;
			buildPhases = (
				E458A43523C6D9A700CCB5DD /* Sources */,
				E458A43623C6D9A700CCB5DD /* Frameworks */,
				E458A43723C6D9A700CCB5DD /* Resources */,
			);
			buildRules = (
			);
			dependencies = (
				E458A43B23C6D9A700CCB5DD /* PBXTargetDependency */,
			);
			name = MysocialUITests;
			productName = MysocialUITests;
			productReference = E458A43923C6D9A700CCB5DD /* MysocialUITests.xctest */;
			productType = "com.apple.product-type.bundle.ui-testing";
		};
/* End PBXNativeTarget section */

/* Begin PBXProject section */
		E458A40E23C6D9A700CCB5DD /* Project object */ = {
			isa = PBXProject;
			attributes = {
				LastUpgradeCheck = 0930;
				ORGANIZATIONNAME = FuJia;
				TargetAttributes = {
					E458A41523C6D9A700CCB5DD = {
						CreatedOnToolsVersion = 9.3;
					};
					E458A42D23C6D9A700CCB5DD = {
						CreatedOnToolsVersion = 9.3;
						TestTargetID = E458A41523C6D9A700CCB5DD;
					};
					E458A43823C6D9A700CCB5DD = {
						CreatedOnToolsVersion = 9.3;
						TestTargetID = E458A41523C6D9A700CCB5DD;
					};
				};
			};
			buildConfigurationList = E458A41123C6D9A700CCB5DD /* Build configuration list for PBXProject "Mysocial" */;
			compatibilityVersion = "Xcode 9.3";
			developmentRegion = en;
			hasScannedForEncodings = 0;
			knownRegions = (
				en,
				Base,
			);
			mainGroup = E458A40D23C6D9A700CCB5DD;
			productRefGroup = E458A41723C6D9A700CCB5DD /* Products */;
			projectDirPath = "";
			projectRoot = "";
			targets = (
				E458A41523C6D9A700CCB5DD /* Mysocial */,
				E458A42D23C6D9A700CCB5DD /* MysocialTests */,
				E458A43823C6D9A700CCB5DD /* MysocialUITests */,
			);
		};
/* End PBXProject section */

/* Begin PBXResourcesBuildPhase section */
		E458A41423C6D9A700CCB5DD /* Resources */ = {
			isa = PBXResourcesBuildPhase;
			buildActionMask = 2147483647;
			files = (
				E458A42623C6D9A700CCB5DD /* LaunchScreen.storyboard in Resources */,
				E48C5AD523C70B6E007BDA8E /* 联系人.png in Resources */,
				E458A42323C6D9A700CCB5DD /* Assets.xcassets in Resources */,
				E48C5AD723C70BFE007BDA8E /* 消息.png in Resources */,
				E4FC830923C82F2500A8E4DB /* 活动.png in Resources */,
				E458A42123C6D9A700CCB5DD /* Main.storyboard in Resources */,
				E48C5AD023C709B4007BDA8E /* 个人中心.png in Resources */,
			);
			runOnlyForDeploymentPostprocessing = 0;
		};
		E458A42C23C6D9A700CCB5DD /* Resources */ = {
			isa = PBXResourcesBuildPhase;
			buildActionMask = 2147483647;
			files = (
			);
			runOnlyForDeploymentPostprocessing = 0;
		};
		E458A43723C6D9A700CCB5DD /* Resources */ = {
			isa = PBXResourcesBuildPhase;
			buildActionMask = 2147483647;
			files = (
			);
			runOnlyForDeploymentPostprocessing = 0;
		};
/* End PBXResourcesBuildPhase section */

/* Begin PBXShellScriptBuildPhase section */
		8E1FA5E2982B666594DCDC03 /* [CP] Check Pods Manifest.lock */ = {
			isa = PBXShellScriptBuildPhase;
			buildActionMask = 2147483647;
			files = (
			);
			inputPaths = (
				"${PODS_PODFILE_DIR_PATH}/Podfile.lock",
				"${PODS_ROOT}/Manifest.lock",
			);
			name = "[CP] Check Pods Manifest.lock";
			outputPaths = (
				"$(DERIVED_FILE_DIR)/Pods-Mysocial-checkManifestLockResult.txt",
			);
			runOnlyForDeploymentPostprocessing = 0;
			shellPath = /bin/sh;
			shellScript = "diff \"${PODS_PODFILE_DIR_PATH}/Podfile.lock\" \"${PODS_ROOT}/Manifest.lock\" > /dev/null\nif [ $? != 0 ] ; then\n    # print error to STDERR\n    echo \"error: The sandbox is not in sync with the Podfile.lock. Run 'pod install' or update your CocoaPods installation.\" >&2\n    exit 1\nfi\n# This output is used by Xcode 'outputs' to avoid re-running this script phase.\necho \"SUCCESS\" > \"${SCRIPT_OUTPUT_FILE_0}\"\n";
			showEnvVarsInLog = 0;
		};
/* End PBXShellScriptBuildPhase section */

/* Begin PBXSourcesBuildPhase section */
		E458A41223C6D9A700CCB5DD /* Sources */ = {
			isa = PBXSourcesBuildPhase;
			buildActionMask = 2147483647;
			files = (
				E48C5ADD23C70F23007BDA8E /* FJSocialTabbarController.m in Sources */,
				E48C5AC823C6FE60007BDA8E /* FJPersonalPageViewController.m in Sources */,
				E48C5AD323C70ADB007BDA8E /* FJContactPageViewController.m in Sources */,
				E44265E223C9CDBD00A3DAB2 /* RequestData.m in Sources */,
				E4FC830723C82DE200A8E4DB /* FJActivityPageViewController.m in Sources */,
				E48C5ADA23C70C28007BDA8E /* FJMessagePageViewController.m in Sources */,
				E458A42923C6D9A700CCB5DD /* main.m in Sources */,
				E458A41B23C6D9A700CCB5DD /* AppDelegate.m in Sources */,
				E40EF1CE23CC6B2800CD97F1 /* FJModel.m in Sources */,
			);
			runOnlyForDeploymentPostprocessing = 0;
		};
		E458A42A23C6D9A700CCB5DD /* Sources */ = {
			isa = PBXSourcesBuildPhase;
			buildActionMask = 2147483647;
			files = (
				E458A43323C6D9A700CCB5DD /* MysocialTests.m in Sources */,
			);
			runOnlyForDeploymentPostprocessing = 0;
		};
		E458A43523C6D9A700CCB5DD /* Sources */ = {
			isa = PBXSourcesBuildPhase;
			buildActionMask = 2147483647;
			files = (
				E458A43E23C6D9A700CCB5DD /* MysocialUITests.m in Sources */,
			);
			runOnlyForDeploymentPostprocessing = 0;
		};
/* End PBXSourcesBuildPhase section */

/* Begin PBXTargetDependency section */
		E458A43023C6D9A700CCB5DD /* PBXTargetDependency */ = {
			isa = PBXTargetDependency;
			target = E458A41523C6D9A700CCB5DD /* Mysocial */;
			targetProxy = E458A42F23C6D9A700CCB5DD /* PBXContainerItemProxy */;
		};
		E458A43B23C6D9A700CCB5DD /* PBXTargetDependency */ = {
			isa = PBXTargetDependency;
			target = E458A41523C6D9A700CCB5DD /* Mysocial */;
			targetProxy = E458A43A23C6D9A700CCB5DD /* PBXContainerItemProxy */;
		};
/* End PBXTargetDependency section */

/* Begin PBXVariantGroup section */
		E458A41F23C6D9A700CCB5DD /* Main.storyboard */ = {
			isa = PBXVariantGroup;
			children = (
				E458A42023C6D9A700CCB5DD /* Base */,
			);
			name = Main.storyboard;
			sourceTree = "<group>";
		};
		E458A42423C6D9A700CCB5DD /* LaunchScreen.storyboard */ = {
			isa = PBXVariantGroup;
			children = (
				E458A42523C6D9A700CCB5DD /* Base */,
			);
			name = LaunchScreen.storyboard;
			sourceTree = "<group>";
		};
/* End PBXVariantGroup section */

/* Begin XCBuildConfiguration section */
		E458A44023C6D9A700CCB5DD /* Debug */ = {
			isa = XCBuildConfiguration;
			buildSettings = {
				ALWAYS_SEARCH_USER_PATHS = NO;
				CLANG_ANALYZER_NONNULL = YES;
				CLANG_ANALYZER_NUMBER_OBJECT_CONVERSION = YES_AGGRESSIVE;
				CLANG_CXX_LANGUAGE_STANDARD = "gnu++14";
				CLANG_CXX_LIBRARY = "libc++";
				CLANG_ENABLE_MODULES = YES;
				CLANG_ENABLE_OBJC_ARC = YES;
				CLANG_ENABLE_OBJC_WEAK = YES;
				CLANG_WARN_BLOCK_CAPTURE_AUTORELEASING = YES;
				CLANG_WARN_BOOL_CONVERSION = YES;
				CLANG_WARN_COMMA = YES;
				CLANG_WARN_CONSTANT_CONVERSION = YES;
				CLANG_WARN_DEPRECATED_OBJC_IMPLEMENTATIONS = YES;
				CLANG_WARN_DIRECT_OBJC_ISA_USAGE = YES_ERROR;
				CLANG_WARN_DOCUMENTATION_COMMENTS = YES;
				CLANG_WARN_EMPTY_BODY = YES;
				CLANG_WARN_ENUM_CONVERSION = YES;
				CLANG_WARN_INFINITE_RECURSION = YES;
				CLANG_WARN_INT_CONVERSION = YES;
				CLANG_WARN_NON_LITERAL_NULL_CONVERSION = YES;
				CLANG_WARN_OBJC_IMPLICIT_RETAIN_SELF = YES;
				CLANG_WARN_OBJC_LITERAL_CONVERSION = YES;
				CLANG_WARN_OBJC_ROOT_CLASS = YES_ERROR;
				CLANG_WARN_RANGE_LOOP_ANALYSIS = YES;
				CLANG_WARN_STRICT_PROTOTYPES = YES;
				CLANG_WARN_SUSPICIOUS_MOVE = YES;
				CLANG_WARN_UNGUARDED_AVAILABILITY = YES_AGGRESSIVE;
				CLANG_WARN_UNREACHABLE_CODE = YES;
				CLANG_WARN__DUPLICATE_METHOD_MATCH = YES;
				CODE_SIGN_IDENTITY = "iPhone Developer";
				COPY_PHASE_STRIP = NO;
				DEBUG_INFORMATION_FORMAT = dwarf;
				ENABLE_STRICT_OBJC_MSGSEND = YES;
				ENABLE_TESTABILITY = YES;
				GCC_C_LANGUAGE_STANDARD = gnu11;
				GCC_DYNAMIC_NO_PIC = NO;
				GCC_NO_COMMON_BLOCKS = YES;
				GCC_OPTIMIZATION_LEVEL = 0;
				GCC_PREPROCESSOR_DEFINITIONS = (
					"DEBUG=1",
					"$(inherited)",
				);
				GCC_WARN_64_TO_32_BIT_CONVERSION = YES;
				GCC_WARN_ABOUT_RETURN_TYPE = YES_ERROR;
				GCC_WARN_UNDECLARED_SELECTOR = YES;
				GCC_WARN_UNINITIALIZED_AUTOS = YES_AGGRESSIVE;
				GCC_WARN_UNUSED_FUNCTION = YES;
				GCC_WARN_UNUSED_VARIABLE = YES;
				IPHONEOS_DEPLOYMENT_TARGET = 11.3;
				MTL_ENABLE_DEBUG_INFO = YES;
				ONLY_ACTIVE_ARCH = YES;
				SDKROOT = iphoneos;
			};
			name = Debug;
		};
		E458A44123C6D9A700CCB5DD /* Release */ = {
			isa = XCBuildConfiguration;
			buildSettings = {
				ALWAYS_SEARCH_USER_PATHS = NO;
				CLANG_ANALYZER_NONNULL = YES;
				CLANG_ANALYZER_NUMBER_OBJECT_CONVERSION = YES_AGGRESSIVE;
				CLANG_CXX_LANGUAGE_STANDARD = "gnu++14";
				CLANG_CXX_LIBRARY = "libc++";
				CLANG_ENABLE_MODULES = YES;
				CLANG_ENABLE_OBJC_ARC = YES;
				CLANG_ENABLE_OBJC_WEAK = YES;
				CLANG_WARN_BLOCK_CAPTURE_AUTORELEASING = YES;
				CLANG_WARN_BOOL_CONVERSION = YES;
				CLANG_WARN_COMMA = YES;
				CLANG_WARN_CONSTANT_CONVERSION = YES;
				CLANG_WARN_DEPRECATED_OBJC_IMPLEMENTATIONS = YES;
				CLANG_WARN_DIRECT_OBJC_ISA_USAGE = YES_ERROR;
				CLANG_WARN_DOCUMENTATION_COMMENTS = YES;
				CLANG_WARN_EMPTY_BODY = YES;
				CLANG_WARN_ENUM_CONVERSION = YES;
				CLANG_WARN_INFINITE_RECURSION = YES;
				CLANG_WARN_INT_CONVERSION = YES;
				CLANG_WARN_NON_LITERAL_NULL_CONVERSION = YES;
				CLANG_WARN_OBJC_IMPLICIT_RETAIN_SELF = YES;
				CLANG_WARN_OBJC_LITERAL_CONVERSION = YES;
				CLANG_WARN_OBJC_ROOT_CLASS = YES_ERROR;
				CLANG_WARN_RANGE_LOOP_ANALYSIS = YES;
				CLANG_WARN_STRICT_PROTOTYPES = YES;
				CLANG_WARN_SUSPICIOUS_MOVE = YES;
				CLANG_WARN_UNGUARDED_AVAILABILITY = YES_AGGRESSIVE;
				CLANG_WARN_UNREACHABLE_CODE = YES;
				CLANG_WARN__DUPLICATE_METHOD_MATCH = YES;
				CODE_SIGN_IDENTITY = "iPhone Developer";
				COPY_PHASE_STRIP = NO;
				DEBUG_INFORMATION_FORMAT = "dwarf-with-dsym";
				ENABLE_NS_ASSERTIONS = NO;
				ENABLE_STRICT_OBJC_MSGSEND = YES;
				GCC_C_LANGUAGE_STANDARD = gnu11;
				GCC_NO_COMMON_BLOCKS = YES;
				GCC_WARN_64_TO_32_BIT_CONVERSION = YES;
				GCC_WARN_ABOUT_RETURN_TYPE = YES_ERROR;
				GCC_WARN_UNDECLARED_SELECTOR = YES;
				GCC_WARN_UNINITIALIZED_AUTOS = YES_AGGRESSIVE;
				GCC_WARN_UNUSED_FUNCTION = YES;
				GCC_WARN_UNUSED_VARIABLE = YES;
				IPHONEOS_DEPLOYMENT_TARGET = 11.3;
				MTL_ENABLE_DEBUG_INFO = NO;
				SDKROOT = iphoneos;
				VALIDATE_PRODUCT = YES;
			};
			name = Release;
		};
		E458A44323C6D9A700CCB5DD /* Debug */ = {
			isa = XCBuildConfiguration;
			baseConfigurationReference = 163A614408AEA57927190CBF /* Pods-Mysocial.debug.xcconfig */;
			buildSettings = {
				ASSETCATALOG_COMPILER_APPICON_NAME = AppIcon;
				CODE_SIGN_STYLE = Automatic;
				INFOPLIST_FILE = Mysocial/Info.plist;
				LD_RUNPATH_SEARCH_PATHS = (
					"$(inherited)",
					"@executable_path/Frameworks",
				);
				PRODUCT_BUNDLE_IDENTIFIER = FuJia.Mysocial;
				PRODUCT_NAME = "$(TARGET_NAME)";
				TARGETED_DEVICE_FAMILY = "1,2";
				USER_HEADER_SEARCH_PATHS = "$(PODS_ROOT)/**";
			};
			name = Debug;
		};
		E458A44423C6D9A700CCB5DD /* Release */ = {
			isa = XCBuildConfiguration;
			baseConfigurationReference = 8535D3931DB09B35E96ADF14 /* Pods-Mysocial.release.xcconfig */;
			buildSettings = {
				ASSETCATALOG_COMPILER_APPICON_NAME = AppIcon;
				CODE_SIGN_STYLE = Automatic;
				INFOPLIST_FILE = Mysocial/Info.plist;
				LD_RUNPATH_SEARCH_PATHS = (
					"$(inherited)",
					"@executable_path/Frameworks",
				);
				PRODUCT_BUNDLE_IDENTIFIER = FuJia.Mysocial;
				PRODUCT_NAME = "$(TARGET_NAME)";
				TARGETED_DEVICE_FAMILY = "1,2";
				USER_HEADER_SEARCH_PATHS = "$(PODS_ROOT)/**";
			};
			name = Release;
		};
		E458A44623C6D9A700CCB5DD /* Debug */ = {
			isa = XCBuildConfiguration;
			buildSettings = {
				BUNDLE_LOADER = "$(TEST_HOST)";
				CODE_SIGN_STYLE = Automatic;
				INFOPLIST_FILE = MysocialTests/Info.plist;
				LD_RUNPATH_SEARCH_PATHS = (
					"$(inherited)",
					"@executable_path/Frameworks",
					"@loader_path/Frameworks",
				);
				PRODUCT_BUNDLE_IDENTIFIER = FuJia.MysocialTests;
				PRODUCT_NAME = "$(TARGET_NAME)";
				TARGETED_DEVICE_FAMILY = "1,2";
				TEST_HOST = "$(BUILT_PRODUCTS_DIR)/Mysocial.app/Mysocial";
			};
			name = Debug;
		};
		E458A44723C6D9A700CCB5DD /* Release */ = {
			isa = XCBuildConfiguration;
			buildSettings = {
				BUNDLE_LOADER = "$(TEST_HOST)";
				CODE_SIGN_STYLE = Automatic;
				INFOPLIST_FILE = MysocialTests/Info.plist;
				LD_RUNPATH_SEARCH_PATHS = (
					"$(inherited)",
					"@executable_path/Frameworks",
					"@loader_path/Frameworks",
				);
				PRODUCT_BUNDLE_IDENTIFIER = FuJia.MysocialTests;
				PRODUCT_NAME = "$(TARGET_NAME)";
				TARGETED_DEVICE_FAMILY = "1,2";
				TEST_HOST = "$(BUILT_PRODUCTS_DIR)/Mysocial.app/Mysocial";
			};
			name = Release;
		};
		E458A44923C6D9A700CCB5DD /* Debug */ = {
			isa = XCBuildConfiguration;
			buildSettings = {
				CODE_SIGN_STYLE = Automatic;
				INFOPLIST_FILE = MysocialUITests/Info.plist;
				LD_RUNPATH_SEARCH_PATHS = (
					"$(inherited)",
					"@executable_path/Frameworks",
					"@loader_path/Frameworks",
				);
				PRODUCT_BUNDLE_IDENTIFIER = FuJia.MysocialUITests;
				PRODUCT_NAME = "$(TARGET_NAME)";
				TARGETED_DEVICE_FAMILY = "1,2";
				TEST_TARGET_NAME = Mysocial;
			};
			name = Debug;
		};
		E458A44A23C6D9A700CCB5DD /* Release */ = {
			isa = XCBuildConfiguration;
			buildSettings = {
				CODE_SIGN_STYLE = Automatic;
				INFOPLIST_FILE = MysocialUITests/Info.plist;
				LD_RUNPATH_SEARCH_PATHS = (
					"$(inherited)",
					"@executable_path/Frameworks",
					"@loader_path/Frameworks",
				);
				PRODUCT_BUNDLE_IDENTIFIER = FuJia.MysocialUITests;
				PRODUCT_NAME = "$(TARGET_NAME)";
				TARGETED_DEVICE_FAMILY = "1,2";
				TEST_TARGET_NAME = Mysocial;
			};
			name = Release;
		};
/* End XCBuildConfiguration section */

/* Begin XCConfigurationList section */
		E458A41123C6D9A700CCB5DD /* Build configuration list for PBXProject "Mysocial" */ = {
			isa = XCConfigurationList;
			buildConfigurations = (
				E458A44023C6D9A700CCB5DD /* Debug */,
				E458A44123C6D9A700CCB5DD /* Release */,
			);
			defaultConfigurationIsVisible = 0;
			defaultConfigurationName = Release;
		};
		E458A44223C6D9A700CCB5DD /* Build configuration list for PBXNativeTarget "Mysocial" */ = {
			isa = XCConfigurationList;
			buildConfigurations = (
				E458A44323C6D9A700CCB5DD /* Debug */,
				E458A44423C6D9A700CCB5DD /* Release */,
			);
			defaultConfigurationIsVisible = 0;
			defaultConfigurationName = Release;
		};
		E458A44523C6D9A700CCB5DD /* Build configuration list for PBXNativeTarget "MysocialTests" */ = {
			isa = XCConfigurationList;
			buildConfigurations = (
				E458A44623C6D9A700CCB5DD /* Debug */,
				E458A44723C6D9A700CCB5DD /* Release */,
			);
			defaultConfigurationIsVisible = 0;
			defaultConfigurationName = Release;
		};
		E458A44823C6D9A700CCB5DD /* Build configuration list for PBXNativeTarget "MysocialUITests" */ = {
			isa = XCConfigurationList;
			buildConfigurations = (
				E458A44923C6D9A700CCB5DD /* Debug */,
				E458A44A23C6D9A700CCB5DD /* Release */,
			);
			defaultConfigurationIsVisible = 0;
			defaultConfigurationName = Release;
		};
/* End XCConfigurationList section */
	};
	rootObject = E458A40E23C6D9A700CCB5DD /* Project object */;
}
